{
    "_readme": [
        "This file locks the dependencies of your project to a known state",
        "Read more about it at https://getcomposer.org/doc/01-basic-usage.md#composer-lock-the-lock-file",
        "This file is @generated automatically"
    ],
    "hash": "c156b38d62fe6d52b00c079944b70150",
    "content-hash": "a32b3dbe228fd0b71a1414f4f39ef945",
    "packages": [
        {
            "name": "drupal/drush_entity",
            "version": "6.x-dev",
            "source": {
                "type": "git",
                "url": "https://git.drupal.org/project/drush_entity.git",
                "reference": "8.x-6.x"
            },
            "dist": {
                "type": "tar",
                "url": "https://ftp.drupal.org/files/projects/drush_entity-8.x-6.x-dev.tar.gz",
                "reference": null,
                "shasum": null
            },
            "type": "library"
        }
    ],
    "packages-dev": [],
    "aliases": [],
    "minimum-stability": "stable",
    "stability-flags": {
        "drupal/drush_entity": 20
    },
    "prefer-stable": false,
    "prefer-lowest": false,
    "platform": {
        "php": ">=5.5.0"
    },
    "platform-dev": []
}
